// !$*UTF8*$!
{
	archiveVersion = 1;
	classes = {
	};
	objectVersion = 56;
	objects = {

/* Begin PBXBuildFile section */
		A12085FF2B054AE000F6FFC4 /* FriendsView.swift in Sources */ = {isa = PBXBuildFile; fileRef = A12085FE2B054AE000F6FFC4 /* FriendsView.swift */; };
		A12086062B05C93A00F6FFC4 /* ReusableInviteView.swift in Sources */ = {isa = PBXBuildFile; fileRef = A12086052B05C93A00F6FFC4 /* ReusableInviteView.swift */; };
		A12086092B0691F800F6FFC4 /* InviteCardView.swift in Sources */ = {isa = PBXBuildFile; fileRef = A12086082B0691F800F6FFC4 /* InviteCardView.swift */; };
		A13ACE852B08428200AF5B2F /* SearchUserView.swift in Sources */ = {isa = PBXBuildFile; fileRef = A13ACE842B08428200AF5B2F /* SearchUserView.swift */; };
		A14CF5B22B0ADCBE006E8BCD /* SwiftMessages in Frameworks */ = {isa = PBXBuildFile; productRef = A14CF5B12B0ADCBE006E8BCD /* SwiftMessages */; };
		A14CF5B82B0C0F7F006E8BCD /* FriendRequest.swift in Sources */ = {isa = PBXBuildFile; fileRef = A14CF5B72B0C0F7F006E8BCD /* FriendRequest.swift */; };
		A14F84CA2B03046200349A9B /* ActivitySelectionView.swift in Sources */ = {isa = PBXBuildFile; fileRef = A14F84C92B03046200349A9B /* ActivitySelectionView.swift */; };
		A15E8B832B350E4700456EAA /* FirebaseMessaging in Frameworks */ = {isa = PBXBuildFile; productRef = A15E8B822B350E4700456EAA /* FirebaseMessaging */; };
		A15E8B872B3512EA00456EAA /* GoogleService-Info.plist in Resources */ = {isa = PBXBuildFile; fileRef = A15E8B862B3512EA00456EAA /* GoogleService-Info.plist */; };
		A16897752B3518ED00E18C4D /* NotificationHandler.swift in Sources */ = {isa = PBXBuildFile; fileRef = A16897742B3518ED00E18C4D /* NotificationHandler.swift */; };
		A1766EF22B4B6CEF00F665FC /* CropViewController in Frameworks */ = {isa = PBXBuildFile; productRef = A1766EF12B4B6CEF00F665FC /* CropViewController */; };
		A1766EF42B4B6CEF00F665FC /* TOCropViewController in Frameworks */ = {isa = PBXBuildFile; productRef = A1766EF32B4B6CEF00F665FC /* TOCropViewController */; };
		A1766EF62B4B6D2E00F665FC /* ImagePickerView.swift in Sources */ = {isa = PBXBuildFile; fileRef = A1766EF52B4B6D2E00F665FC /* ImagePickerView.swift */; };
		A1AC891A2B01D18200831625 /* InviteView.swift in Sources */ = {isa = PBXBuildFile; fileRef = A1AC89192B01D18100831625 /* InviteView.swift */; };
		A1AC891D2B01D54400831625 /* ProfileView.swift in Sources */ = {isa = PBXBuildFile; fileRef = A1AC891C2B01D54400831625 /* ProfileView.swift */; };
		A1AC891F2B02D9F400831625 /* ReusableProfileContent.swift in Sources */ = {isa = PBXBuildFile; fileRef = A1AC891E2B02D9F400831625 /* ReusableProfileContent.swift */; };
		A1AC89222B02DC1400831625 /* SDWebImageSwiftUI in Frameworks */ = {isa = PBXBuildFile; productRef = A1AC89212B02DC1400831625 /* SDWebImageSwiftUI */; };
		A1AC89262B02E58500831625 /* Invite.swift in Sources */ = {isa = PBXBuildFile; fileRef = A1AC89252B02E58500831625 /* Invite.swift */; };
		A1C985ED2AE617DE00314A7E /* LunchLinkApp.swift in Sources */ = {isa = PBXBuildFile; fileRef = A1C985EC2AE617DE00314A7E /* LunchLinkApp.swift */; };
		A1C985EF2AE617DE00314A7E /* ContentView.swift in Sources */ = {isa = PBXBuildFile; fileRef = A1C985EE2AE617DE00314A7E /* ContentView.swift */; };
		A1C985F12AE617E000314A7E /* Assets.xcassets in Resources */ = {isa = PBXBuildFile; fileRef = A1C985F02AE617E000314A7E /* Assets.xcassets */; };
		A1C985F42AE617E000314A7E /* Preview Assets.xcassets in Resources */ = {isa = PBXBuildFile; fileRef = A1C985F32AE617E000314A7E /* Preview Assets.xcassets */; };
		A1C985FE2AE61B8400314A7E /* FirebaseAuth in Frameworks */ = {isa = PBXBuildFile; productRef = A1C985FD2AE61B8400314A7E /* FirebaseAuth */; };
		A1C986022AE61C1000314A7E /* LoginView.swift in Sources */ = {isa = PBXBuildFile; fileRef = A1C986012AE61C1000314A7E /* LoginView.swift */; };
		A1C986052AE635E000314A7E /* FirebaseFirestore in Frameworks */ = {isa = PBXBuildFile; productRef = A1C986042AE635E000314A7E /* FirebaseFirestore */; };
		A1C986072AE635EC00314A7E /* FirebaseFirestoreSwift in Frameworks */ = {isa = PBXBuildFile; productRef = A1C986062AE635EC00314A7E /* FirebaseFirestoreSwift */; };
		A1C986092AE635F500314A7E /* FirebaseStorage in Frameworks */ = {isa = PBXBuildFile; productRef = A1C986082AE635F500314A7E /* FirebaseStorage */; };
		A1C9860B2AE6E3A200314A7E /* User.swift in Sources */ = {isa = PBXBuildFile; fileRef = A1C9860A2AE6E3A200314A7E /* User.swift */; };
		A1C9860D2AE7032900314A7E /* LoadingView.swift in Sources */ = {isa = PBXBuildFile; fileRef = A1C9860C2AE7032900314A7E /* LoadingView.swift */; };
		A1C986112AEF6CF000314A7E /* RegisterView.swift in Sources */ = {isa = PBXBuildFile; fileRef = A1C986102AEF6CF000314A7E /* RegisterView.swift */; };
		A1C986142AEF6DA900314A7E /* View+Extensions.swift in Sources */ = {isa = PBXBuildFile; fileRef = A1C986132AEF6DA900314A7E /* View+Extensions.swift */; };
		A1C986162AEF6E5100314A7E /* MainView.swift in Sources */ = {isa = PBXBuildFile; fileRef = A1C986152AEF6E5100314A7E /* MainView.swift */; };
		A1D4B3972B36744700407DF0 /* LikedUsersView.swift in Sources */ = {isa = PBXBuildFile; fileRef = A1D4B3962B36744700407DF0 /* LikedUsersView.swift */; };
		A1D4B39B2B37965F00407DF0 /* LikedUsersViewModel.swift in Sources */ = {isa = PBXBuildFile; fileRef = A1D4B39A2B37965F00407DF0 /* LikedUsersViewModel.swift */; };
		A1D4B39D2B3F826A00407DF0 /* .gitignore in Resources */ = {isa = PBXBuildFile; fileRef = A1D4B39C2B3F826A00407DF0 /* .gitignore */; };
		A1EB9D482B0C326C00A26252 /* Friendship Button.swift in Sources */ = {isa = PBXBuildFile; fileRef = A1EB9D472B0C326C00A26252 /* Friendship Button.swift */; };
		A1FCE4252B4E0A8A0057EA99 /* ReusableProfileTEST.swift in Sources */ = {isa = PBXBuildFile; fileRef = A1FCE4242B4E0A8A0057EA99 /* ReusableProfileTEST.swift */; };
		A1FCE4272B5066630057EA99 /* PendingRequestsView.swift in Sources */ = {isa = PBXBuildFile; fileRef = A1FCE4262B5066630057EA99 /* PendingRequestsView.swift */; };
		A1FCE42C2B506D130057EA99 /* FirebaseService.swift in Sources */ = {isa = PBXBuildFile; fileRef = A1FCE42B2B506D130057EA99 /* FirebaseService.swift */; };
/* End PBXBuildFile section */

/* Begin PBXCopyFilesBuildPhase section */
		A14CF5B62B0ADCDD006E8BCD /* Embed Frameworks */ = {
			isa = PBXCopyFilesBuildPhase;
			buildActionMask = 2147483647;
			dstPath = "";
			dstSubfolderSpec = 10;
			files = (
			);
			name = "Embed Frameworks";
			runOnlyForDeploymentPostprocessing = 0;
		};
/* End PBXCopyFilesBuildPhase section */

/* Begin PBXFileReference section */
		A12085FE2B054AE000F6FFC4 /* FriendsView.swift */ = {isa = PBXFileReference; lastKnownFileType = sourcecode.swift; path = FriendsView.swift; sourceTree = "<group>"; };
		A12086052B05C93A00F6FFC4 /* ReusableInviteView.swift */ = {isa = PBXFileReference; lastKnownFileType = sourcecode.swift; path = ReusableInviteView.swift; sourceTree = "<group>"; };
		A12086082B0691F800F6FFC4 /* InviteCardView.swift */ = {isa = PBXFileReference; lastKnownFileType = sourcecode.swift; path = InviteCardView.swift; sourceTree = "<group>"; };
		A13ACE842B08428200AF5B2F /* SearchUserView.swift */ = {isa = PBXFileReference; lastKnownFileType = sourcecode.swift; path = SearchUserView.swift; sourceTree = "<group>"; };
		A14CF5B72B0C0F7F006E8BCD /* FriendRequest.swift */ = {isa = PBXFileReference; lastKnownFileType = sourcecode.swift; path = FriendRequest.swift; sourceTree = "<group>"; };
		A14F84C92B03046200349A9B /* ActivitySelectionView.swift */ = {isa = PBXFileReference; lastKnownFileType = sourcecode.swift; path = ActivitySelectionView.swift; sourceTree = "<group>"; };
		A14F84CD2B030C3800349A9B /* LunchLink-Info.plist */ = {isa = PBXFileReference; lastKnownFileType = text.plist; path = "LunchLink-Info.plist"; sourceTree = "<group>"; };
		A15E8B812B35039500456EAA /* LunchLink.entitlements */ = {isa = PBXFileReference; lastKnownFileType = text.plist.entitlements; path = LunchLink.entitlements; sourceTree = "<group>"; };
		A15E8B862B3512EA00456EAA /* GoogleService-Info.plist */ = {isa = PBXFileReference; lastKnownFileType = text.plist; path = "GoogleService-Info.plist"; sourceTree = SOURCE_ROOT; };
		A16897742B3518ED00E18C4D /* NotificationHandler.swift */ = {isa = PBXFileReference; lastKnownFileType = sourcecode.swift; path = NotificationHandler.swift; sourceTree = "<group>"; };
		A1766EF52B4B6D2E00F665FC /* ImagePickerView.swift */ = {isa = PBXFileReference; lastKnownFileType = sourcecode.swift; path = ImagePickerView.swift; sourceTree = "<group>"; };
		A1AC89192B01D18100831625 /* InviteView.swift */ = {isa = PBXFileReference; lastKnownFileType = sourcecode.swift; path = InviteView.swift; sourceTree = "<group>"; };
		A1AC891C2B01D54400831625 /* ProfileView.swift */ = {isa = PBXFileReference; lastKnownFileType = sourcecode.swift; path = ProfileView.swift; sourceTree = "<group>"; };
		A1AC891E2B02D9F400831625 /* ReusableProfileContent.swift */ = {isa = PBXFileReference; lastKnownFileType = sourcecode.swift; path = ReusableProfileContent.swift; sourceTree = "<group>"; };
		A1AC89252B02E58500831625 /* Invite.swift */ = {isa = PBXFileReference; lastKnownFileType = sourcecode.swift; path = Invite.swift; sourceTree = "<group>"; };
		A1C985E92AE617DE00314A7E /* LunchLink.app */ = {isa = PBXFileReference; explicitFileType = wrapper.application; includeInIndex = 0; path = LunchLink.app; sourceTree = BUILT_PRODUCTS_DIR; };
		A1C985EC2AE617DE00314A7E /* LunchLinkApp.swift */ = {isa = PBXFileReference; lastKnownFileType = sourcecode.swift; path = LunchLinkApp.swift; sourceTree = "<group>"; };
		A1C985EE2AE617DE00314A7E /* ContentView.swift */ = {isa = PBXFileReference; lastKnownFileType = sourcecode.swift; path = ContentView.swift; sourceTree = "<group>"; };
		A1C985F02AE617E000314A7E /* Assets.xcassets */ = {isa = PBXFileReference; lastKnownFileType = folder.assetcatalog; path = Assets.xcassets; sourceTree = "<group>"; };
		A1C985F32AE617E000314A7E /* Preview Assets.xcassets */ = {isa = PBXFileReference; lastKnownFileType = folder.assetcatalog; path = "Preview Assets.xcassets"; sourceTree = "<group>"; };
		A1C986012AE61C1000314A7E /* LoginView.swift */ = {isa = PBXFileReference; lastKnownFileType = sourcecode.swift; path = LoginView.swift; sourceTree = "<group>"; };
		A1C9860A2AE6E3A200314A7E /* User.swift */ = {isa = PBXFileReference; lastKnownFileType = sourcecode.swift; path = User.swift; sourceTree = "<group>"; };
		A1C9860C2AE7032900314A7E /* LoadingView.swift */ = {isa = PBXFileReference; lastKnownFileType = sourcecode.swift; path = LoadingView.swift; sourceTree = "<group>"; };
		A1C986102AEF6CF000314A7E /* RegisterView.swift */ = {isa = PBXFileReference; lastKnownFileType = sourcecode.swift; path = RegisterView.swift; sourceTree = "<group>"; };
		A1C986132AEF6DA900314A7E /* View+Extensions.swift */ = {isa = PBXFileReference; lastKnownFileType = sourcecode.swift; path = "View+Extensions.swift"; sourceTree = "<group>"; };
		A1C986152AEF6E5100314A7E /* MainView.swift */ = {isa = PBXFileReference; lastKnownFileType = sourcecode.swift; path = MainView.swift; sourceTree = "<group>"; };
		A1D4B3962B36744700407DF0 /* LikedUsersView.swift */ = {isa = PBXFileReference; lastKnownFileType = sourcecode.swift; path = LikedUsersView.swift; sourceTree = "<group>"; };
		A1D4B39A2B37965F00407DF0 /* LikedUsersViewModel.swift */ = {isa = PBXFileReference; lastKnownFileType = sourcecode.swift; path = LikedUsersViewModel.swift; sourceTree = "<group>"; };
		A1D4B39C2B3F826A00407DF0 /* .gitignore */ = {isa = PBXFileReference; lastKnownFileType = text; path = .gitignore; sourceTree = "<group>"; };
		A1EB9D472B0C326C00A26252 /* Friendship Button.swift */ = {isa = PBXFileReference; lastKnownFileType = sourcecode.swift; path = "Friendship Button.swift"; sourceTree = "<group>"; };
		A1FCE4242B4E0A8A0057EA99 /* ReusableProfileTEST.swift */ = {isa = PBXFileReference; lastKnownFileType = sourcecode.swift; path = ReusableProfileTEST.swift; sourceTree = "<group>"; };
		A1FCE4262B5066630057EA99 /* PendingRequestsView.swift */ = {isa = PBXFileReference; lastKnownFileType = sourcecode.swift; path = PendingRequestsView.swift; sourceTree = "<group>"; };
		A1FCE42B2B506D130057EA99 /* FirebaseService.swift */ = {isa = PBXFileReference; lastKnownFileType = sourcecode.swift; path = FirebaseService.swift; sourceTree = "<group>"; };
/* End PBXFileReference section */

/* Begin PBXFrameworksBuildPhase section */
		A1C985E62AE617DE00314A7E /* Frameworks */ = {
			isa = PBXFrameworksBuildPhase;
			buildActionMask = 2147483647;
			files = (
				A1AC89222B02DC1400831625 /* SDWebImageSwiftUI in Frameworks */,
				A1766EF42B4B6CEF00F665FC /* TOCropViewController in Frameworks */,
				A1C985FE2AE61B8400314A7E /* FirebaseAuth in Frameworks */,
				A15E8B832B350E4700456EAA /* FirebaseMessaging in Frameworks */,
				A1C986092AE635F500314A7E /* FirebaseStorage in Frameworks */,
				A1C986052AE635E000314A7E /* FirebaseFirestore in Frameworks */,
				A1766EF22B4B6CEF00F665FC /* CropViewController in Frameworks */,
				A14CF5B22B0ADCBE006E8BCD /* SwiftMessages in Frameworks */,
				A1C986072AE635EC00314A7E /* FirebaseFirestoreSwift in Frameworks */,
			);
			runOnlyForDeploymentPostprocessing = 0;
		};
/* End PBXFrameworksBuildPhase section */

/* Begin PBXGroup section */
		A120860A2B06B95D00F6FFC4 /* InvitesPage */ = {
			isa = PBXGroup;
			children = (
				A12086082B0691F800F6FFC4 /* InviteCardView.swift */,
				A12086052B05C93A00F6FFC4 /* ReusableInviteView.swift */,
				A12085FE2B054AE000F6FFC4 /* FriendsView.swift */,
			);
			path = InvitesPage;
			sourceTree = "<group>";
		};
		A120860B2B06B99900F6FFC4 /* CreateInviteView */ = {
			isa = PBXGroup;
			children = (
				A1AC89192B01D18100831625 /* InviteView.swift */,
			);
			path = CreateInviteView;
			sourceTree = "<group>";
		};
		A14F84C82B03043F00349A9B /* Selections */ = {
			isa = PBXGroup;
			children = (
				A14F84C92B03046200349A9B /* ActivitySelectionView.swift */,
			);
			path = Selections;
			sourceTree = "<group>";
		};
		A1AC891B2B01D53700831625 /* Profile */ = {
			isa = PBXGroup;
			children = (
				A1AC891C2B01D54400831625 /* ProfileView.swift */,
				A1EB9D472B0C326C00A26252 /* Friendship Button.swift */,
				A1AC891E2B02D9F400831625 /* ReusableProfileContent.swift */,
			);
			path = Profile;
			sourceTree = "<group>";
		};
		A1C985E02AE617DE00314A7E = {
			isa = PBXGroup;
			children = (
				A1D4B39C2B3F826A00407DF0 /* .gitignore */,
				A1C985EB2AE617DE00314A7E /* LunchLink */,
				A1C985EA2AE617DE00314A7E /* Products */,
				A1C986032AE635E000314A7E /* Frameworks */,
			);
			sourceTree = "<group>";
		};
		A1C985EA2AE617DE00314A7E /* Products */ = {
			isa = PBXGroup;
			children = (
				A1C985E92AE617DE00314A7E /* LunchLink.app */,
			);
			name = Products;
			sourceTree = "<group>";
		};
		A1C985EB2AE617DE00314A7E /* LunchLink */ = {
			isa = PBXGroup;
			children = (
				A15E8B812B35039500456EAA /* LunchLink.entitlements */,
				A14F84CD2B030C3800349A9B /* LunchLink-Info.plist */,
				A1C986002AE61BDC00314A7E /* Model */,
				A1C985FF2AE61BCE00314A7E /* View */,
				A1C985EC2AE617DE00314A7E /* LunchLinkApp.swift */,
				A1C985EE2AE617DE00314A7E /* ContentView.swift */,
				A16897742B3518ED00E18C4D /* NotificationHandler.swift */,
				A15E8B862B3512EA00456EAA /* GoogleService-Info.plist */,
				A1C985F02AE617E000314A7E /* Assets.xcassets */,
				A1C985F22AE617E000314A7E /* Preview Content */,
			);
			name = LunchLink;
			sourceTree = "<group>";
		};
		A1C985F22AE617E000314A7E /* Preview Content */ = {
			isa = PBXGroup;
			children = (
				A1C985F32AE617E000314A7E /* Preview Assets.xcassets */,
			);
			path = "Preview Content";
			sourceTree = "<group>";
		};
		A1C985FF2AE61BCE00314A7E /* View */ = {
			isa = PBXGroup;
			children = (
				A1FCE42A2B5066EB0057EA99 /* FriendRequests */,
				A1FCE4292B5066C10057EA99 /* LikedUsers */,
				A1EB9D492B0C609D00A26252 /* SearchUser */,
				A120860B2B06B99900F6FFC4 /* CreateInviteView */,
				A120860A2B06B95D00F6FFC4 /* InvitesPage */,
				A14F84C82B03043F00349A9B /* Selections */,
				A1AC891B2B01D53700831625 /* Profile */,
				A1C986122AEF6D8B00314A7E /* Helpers */,
				A1C9860F2AEF6CAB00314A7E /* MainView */,
				A1C9860E2AEF6C9D00314A7E /* Login */,
			);
			path = View;
			sourceTree = "<group>";
		};
		A1C986002AE61BDC00314A7E /* Model */ = {
			isa = PBXGroup;
			children = (
				A1C9860A2AE6E3A200314A7E /* User.swift */,
				A1AC89252B02E58500831625 /* Invite.swift */,
				A14CF5B72B0C0F7F006E8BCD /* FriendRequest.swift */,
			);
			path = Model;
			sourceTree = "<group>";
		};
		A1C986032AE635E000314A7E /* Frameworks */ = {
			isa = PBXGroup;
			children = (
			);
			name = Frameworks;
			sourceTree = "<group>";
		};
		A1C9860E2AEF6C9D00314A7E /* Login */ = {
			isa = PBXGroup;
			children = (
				A1C986012AE61C1000314A7E /* LoginView.swift */,
				A1C986102AEF6CF000314A7E /* RegisterView.swift */,
				A1766EF52B4B6D2E00F665FC /* ImagePickerView.swift */,
			);
			path = Login;
			sourceTree = "<group>";
		};
		A1C9860F2AEF6CAB00314A7E /* MainView */ = {
			isa = PBXGroup;
			children = (
				A1C986152AEF6E5100314A7E /* MainView.swift */,
			);
			path = MainView;
			sourceTree = "<group>";
		};
		A1C986122AEF6D8B00314A7E /* Helpers */ = {
			isa = PBXGroup;
			children = (
				A1C9860C2AE7032900314A7E /* LoadingView.swift */,
				A1C986132AEF6DA900314A7E /* View+Extensions.swift */,
			);
			path = Helpers;
			sourceTree = "<group>";
		};
		A1EB9D492B0C609D00A26252 /* SearchUser */ = {
			isa = PBXGroup;
			children = (
				A13ACE842B08428200AF5B2F /* SearchUserView.swift */,
				A1FCE4242B4E0A8A0057EA99 /* ReusableProfileTEST.swift */,
			);
			path = SearchUser;
			sourceTree = "<group>";
		};
		A1FCE4292B5066C10057EA99 /* LikedUsers */ = {
			isa = PBXGroup;
			children = (
				A1D4B39A2B37965F00407DF0 /* LikedUsersViewModel.swift */,
				A1D4B3962B36744700407DF0 /* LikedUsersView.swift */,
			);
			path = LikedUsers;
			sourceTree = "<group>";
		};
		A1FCE42A2B5066EB0057EA99 /* FriendRequests */ = {
			isa = PBXGroup;
			children = (
				A1FCE4262B5066630057EA99 /* PendingRequestsView.swift */,
				A1FCE42B2B506D130057EA99 /* FirebaseService.swift */,
			);
			path = FriendRequests;
			sourceTree = "<group>";
		};
/* End PBXGroup section */

/* Begin PBXNativeTarget section */
		A1C985E82AE617DE00314A7E /* LunchLink */ = {
			isa = PBXNativeTarget;
			buildConfigurationList = A1C985F72AE617E000314A7E /* Build configuration list for PBXNativeTarget "LunchLink" */;
			buildPhases = (
				A1C985E52AE617DE00314A7E /* Sources */,
				A1C985E62AE617DE00314A7E /* Frameworks */,
				A1C985E72AE617DE00314A7E /* Resources */,
				A14CF5B62B0ADCDD006E8BCD /* Embed Frameworks */,
			);
			buildRules = (
			);
			dependencies = (
			);
			name = LunchLink;
			packageProductDependencies = (
				A1C985FD2AE61B8400314A7E /* FirebaseAuth */,
				A1C986042AE635E000314A7E /* FirebaseFirestore */,
				A1C986062AE635EC00314A7E /* FirebaseFirestoreSwift */,
				A1C986082AE635F500314A7E /* FirebaseStorage */,
				A1AC89212B02DC1400831625 /* SDWebImageSwiftUI */,
				A14CF5B12B0ADCBE006E8BCD /* SwiftMessages */,
				A15E8B822B350E4700456EAA /* FirebaseMessaging */,
				A1766EF12B4B6CEF00F665FC /* CropViewController */,
				A1766EF32B4B6CEF00F665FC /* TOCropViewController */,
			);
			productName = LunchLink;
			productReference = A1C985E92AE617DE00314A7E /* LunchLink.app */;
			productType = "com.apple.product-type.application";
		};
/* End PBXNativeTarget section */

/* Begin PBXProject section */
		A1C985E12AE617DE00314A7E /* Project object */ = {
			isa = PBXProject;
			attributes = {
				BuildIndependentTargetsInParallel = 1;
				LastSwiftUpdateCheck = 1430;
				LastUpgradeCheck = 1510;
				TargetAttributes = {
					A1C985E82AE617DE00314A7E = {
						CreatedOnToolsVersion = 14.3.1;
					};
				};
			};
			buildConfigurationList = A1C985E42AE617DE00314A7E /* Build configuration list for PBXProject "LunchLink" */;
			compatibilityVersion = "Xcode 14.0";
			developmentRegion = en;
			hasScannedForEncodings = 0;
			knownRegions = (
				en,
				Base,
			);
			mainGroup = A1C985E02AE617DE00314A7E;
			packageReferences = (
				A1C985FC2AE61B8400314A7E /* XCRemoteSwiftPackageReference "firebase-ios-sdk" */,
				A1AC89202B02DC1400831625 /* XCRemoteSwiftPackageReference "SDWebImageSwiftUI" */,
				A12086002B05C62500F6FFC4 /* XCRemoteSwiftPackageReference "SwiftMessages" */,
				A1766EF02B4B6CEF00F665FC /* XCRemoteSwiftPackageReference "TOCropViewController" */,
			);
			productRefGroup = A1C985EA2AE617DE00314A7E /* Products */;
			projectDirPath = "";
			projectRoot = "";
			targets = (
				A1C985E82AE617DE00314A7E /* LunchLink */,
			);
		};
/* End PBXProject section */

/* Begin PBXResourcesBuildPhase section */
		A1C985E72AE617DE00314A7E /* Resources */ = {
			isa = PBXResourcesBuildPhase;
			buildActionMask = 2147483647;
			files = (
				A1D4B39D2B3F826A00407DF0 /* .gitignore in Resources */,
				A15E8B872B3512EA00456EAA /* GoogleService-Info.plist in Resources */,
				A1C985F42AE617E000314A7E /* Preview Assets.xcassets in Resources */,
				A1C985F12AE617E000314A7E /* Assets.xcassets in Resources */,
			);
			runOnlyForDeploymentPostprocessing = 0;
		};
/* End PBXResourcesBuildPhase section */

/* Begin PBXSourcesBuildPhase section */
		A1C985E52AE617DE00314A7E /* Sources */ = {
			isa = PBXSourcesBuildPhase;
			buildActionMask = 2147483647;
			files = (
				A12086062B05C93A00F6FFC4 /* ReusableInviteView.swift in Sources */,
				A1766EF62B4B6D2E00F665FC /* ImagePickerView.swift in Sources */,
				A1C9860B2AE6E3A200314A7E /* User.swift in Sources */,
				A1C986162AEF6E5100314A7E /* MainView.swift in Sources */,
				A14CF5B82B0C0F7F006E8BCD /* FriendRequest.swift in Sources */,
				A13ACE852B08428200AF5B2F /* SearchUserView.swift in Sources */,
				A12085FF2B054AE000F6FFC4 /* FriendsView.swift in Sources */,
				A14F84CA2B03046200349A9B /* ActivitySelectionView.swift in Sources */,
				A1FCE4252B4E0A8A0057EA99 /* ReusableProfileTEST.swift in Sources */,
				A1AC891D2B01D54400831625 /* ProfileView.swift in Sources */,
				A12086092B0691F800F6FFC4 /* InviteCardView.swift in Sources */,
				A1AC891F2B02D9F400831625 /* ReusableProfileContent.swift in Sources */,
				A1D4B39B2B37965F00407DF0 /* LikedUsersViewModel.swift in Sources */,
				A1EB9D482B0C326C00A26252 /* Friendship Button.swift in Sources */,
				A1AC89262B02E58500831625 /* Invite.swift in Sources */,
				A1D4B3972B36744700407DF0 /* LikedUsersView.swift in Sources */,
				A1C986022AE61C1000314A7E /* LoginView.swift in Sources */,
				A1C985EF2AE617DE00314A7E /* ContentView.swift in Sources */,
				A1AC891A2B01D18200831625 /* InviteView.swift in Sources */,
				A1FCE4272B5066630057EA99 /* PendingRequestsView.swift in Sources */,
				A1FCE42C2B506D130057EA99 /* FirebaseService.swift in Sources */,
				A16897752B3518ED00E18C4D /* NotificationHandler.swift in Sources */,
				A1C986142AEF6DA900314A7E /* View+Extensions.swift in Sources */,
				A1C986112AEF6CF000314A7E /* RegisterView.swift in Sources */,
				A1C9860D2AE7032900314A7E /* LoadingView.swift in Sources */,
				A1C985ED2AE617DE00314A7E /* LunchLinkApp.swift in Sources */,
			);
			runOnlyForDeploymentPostprocessing = 0;
		};
/* End PBXSourcesBuildPhase section */

/* Begin XCBuildConfiguration section */
		A1C985F52AE617E000314A7E /* Debug */ = {
			isa = XCBuildConfiguration;
			buildSettings = {
				ALWAYS_SEARCH_USER_PATHS = NO;
				ASSETCATALOG_COMPILER_GENERATE_SWIFT_ASSET_SYMBOL_EXTENSIONS = YES;
				CLANG_ANALYZER_NONNULL = YES;
				CLANG_ANALYZER_NUMBER_OBJECT_CONVERSION = YES_AGGRESSIVE;
				CLANG_CXX_LANGUAGE_STANDARD = "gnu++20";
				CLANG_ENABLE_MODULES = YES;
				CLANG_ENABLE_OBJC_ARC = YES;
				CLANG_ENABLE_OBJC_WEAK = YES;
				CLANG_WARN_BLOCK_CAPTURE_AUTORELEASING = YES;
				CLANG_WARN_BOOL_CONVERSION = YES;
				CLANG_WARN_COMMA = YES;
				CLANG_WARN_CONSTANT_CONVERSION = YES;
				CLANG_WARN_DEPRECATED_OBJC_IMPLEMENTATIONS = YES;
				CLANG_WARN_DIRECT_OBJC_ISA_USAGE = YES_ERROR;
				CLANG_WARN_DOCUMENTATION_COMMENTS = YES;
				CLANG_WARN_EMPTY_BODY = YES;
				CLANG_WARN_ENUM_CONVERSION = YES;
				CLANG_WARN_INFINITE_RECURSION = YES;
				CLANG_WARN_INT_CONVERSION = YES;
				CLANG_WARN_NON_LITERAL_NULL_CONVERSION = YES;
				CLANG_WARN_OBJC_IMPLICIT_RETAIN_SELF = YES;
				CLANG_WARN_OBJC_LITERAL_CONVERSION = YES;
				CLANG_WARN_OBJC_ROOT_CLASS = YES_ERROR;
				CLANG_WARN_QUOTED_INCLUDE_IN_FRAMEWORK_HEADER = YES;
				CLANG_WARN_RANGE_LOOP_ANALYSIS = YES;
				CLANG_WARN_STRICT_PROTOTYPES = YES;
				CLANG_WARN_SUSPICIOUS_MOVE = YES;
				CLANG_WARN_UNGUARDED_AVAILABILITY = YES_AGGRESSIVE;
				CLANG_WARN_UNREACHABLE_CODE = YES;
				CLANG_WARN__DUPLICATE_METHOD_MATCH = YES;
				COPY_PHASE_STRIP = NO;
				DEBUG_INFORMATION_FORMAT = dwarf;
				ENABLE_STRICT_OBJC_MSGSEND = YES;
				ENABLE_TESTABILITY = YES;
				ENABLE_USER_SCRIPT_SANDBOXING = YES;
				GCC_C_LANGUAGE_STANDARD = gnu11;
				GCC_DYNAMIC_NO_PIC = NO;
				GCC_NO_COMMON_BLOCKS = YES;
				GCC_OPTIMIZATION_LEVEL = 0;
				GCC_PREPROCESSOR_DEFINITIONS = (
					"DEBUG=1",
					"$(inherited)",
				);
				GCC_WARN_64_TO_32_BIT_CONVERSION = YES;
				GCC_WARN_ABOUT_RETURN_TYPE = YES_ERROR;
				GCC_WARN_UNDECLARED_SELECTOR = YES;
				GCC_WARN_UNINITIALIZED_AUTOS = YES_AGGRESSIVE;
				GCC_WARN_UNUSED_FUNCTION = YES;
				GCC_WARN_UNUSED_VARIABLE = YES;
				IPHONEOS_DEPLOYMENT_TARGET = 16.4;
				MTL_ENABLE_DEBUG_INFO = INCLUDE_SOURCE;
				MTL_FAST_MATH = YES;
				ONLY_ACTIVE_ARCH = YES;
				SDKROOT = iphoneos;
				SWIFT_ACTIVE_COMPILATION_CONDITIONS = DEBUG;
				SWIFT_OPTIMIZATION_LEVEL = "-Onone";
			};
			name = Debug;
		};
		A1C985F62AE617E000314A7E /* Release */ = {
			isa = XCBuildConfiguration;
			buildSettings = {
				ALWAYS_SEARCH_USER_PATHS = NO;
				ASSETCATALOG_COMPILER_GENERATE_SWIFT_ASSET_SYMBOL_EXTENSIONS = YES;
				CLANG_ANALYZER_NONNULL = YES;
				CLANG_ANALYZER_NUMBER_OBJECT_CONVERSION = YES_AGGRESSIVE;
				CLANG_CXX_LANGUAGE_STANDARD = "gnu++20";
				CLANG_ENABLE_MODULES = YES;
				CLANG_ENABLE_OBJC_ARC = YES;
				CLANG_ENABLE_OBJC_WEAK = YES;
				CLANG_WARN_BLOCK_CAPTURE_AUTORELEASING = YES;
				CLANG_WARN_BOOL_CONVERSION = YES;
				CLANG_WARN_COMMA = YES;
				CLANG_WARN_CONSTANT_CONVERSION = YES;
				CLANG_WARN_DEPRECATED_OBJC_IMPLEMENTATIONS = YES;
				CLANG_WARN_DIRECT_OBJC_ISA_USAGE = YES_ERROR;
				CLANG_WARN_DOCUMENTATION_COMMENTS = YES;
				CLANG_WARN_EMPTY_BODY = YES;
				CLANG_WARN_ENUM_CONVERSION = YES;
				CLANG_WARN_INFINITE_RECURSION = YES;
				CLANG_WARN_INT_CONVERSION = YES;
				CLANG_WARN_NON_LITERAL_NULL_CONVERSION = YES;
				CLANG_WARN_OBJC_IMPLICIT_RETAIN_SELF = YES;
				CLANG_WARN_OBJC_LITERAL_CONVERSION = YES;
				CLANG_WARN_OBJC_ROOT_CLASS = YES_ERROR;
				CLANG_WARN_QUOTED_INCLUDE_IN_FRAMEWORK_HEADER = YES;
				CLANG_WARN_RANGE_LOOP_ANALYSIS = YES;
				CLANG_WARN_STRICT_PROTOTYPES = YES;
				CLANG_WARN_SUSPICIOUS_MOVE = YES;
				CLANG_WARN_UNGUARDED_AVAILABILITY = YES_AGGRESSIVE;
				CLANG_WARN_UNREACHABLE_CODE = YES;
				CLANG_WARN__DUPLICATE_METHOD_MATCH = YES;
				COPY_PHASE_STRIP = NO;
				DEBUG_INFORMATION_FORMAT = "dwarf-with-dsym";
				ENABLE_NS_ASSERTIONS = NO;
				ENABLE_STRICT_OBJC_MSGSEND = YES;
				ENABLE_USER_SCRIPT_SANDBOXING = YES;
				GCC_C_LANGUAGE_STANDARD = gnu11;
				GCC_NO_COMMON_BLOCKS = YES;
				GCC_WARN_64_TO_32_BIT_CONVERSION = YES;
				GCC_WARN_ABOUT_RETURN_TYPE = YES_ERROR;
				GCC_WARN_UNDECLARED_SELECTOR = YES;
				GCC_WARN_UNINITIALIZED_AUTOS = YES_AGGRESSIVE;
				GCC_WARN_UNUSED_FUNCTION = YES;
				GCC_WARN_UNUSED_VARIABLE = YES;
				IPHONEOS_DEPLOYMENT_TARGET = 16.4;
				MTL_ENABLE_DEBUG_INFO = NO;
				MTL_FAST_MATH = YES;
				SDKROOT = iphoneos;
				SWIFT_COMPILATION_MODE = wholemodule;
				SWIFT_OPTIMIZATION_LEVEL = "-O";
				VALIDATE_PRODUCT = YES;
			};
			name = Release;
		};
		A1C985F82AE617E000314A7E /* Debug */ = {
			isa = XCBuildConfiguration;
			buildSettings = {
				ALWAYS_EMBED_SWIFT_STANDARD_LIBRARIES = YES;
				ASSETCATALOG_COMPILER_APPICON_NAME = AppIcon;
				ASSETCATALOG_COMPILER_GLOBAL_ACCENT_COLOR_NAME = AccentColor;
				CODE_SIGN_ENTITLEMENTS = LunchLink.entitlements;
				CODE_SIGN_STYLE = Automatic;
				CURRENT_PROJECT_VERSION = 1;
				DEVELOPMENT_ASSET_PATHS = "\"Preview Content\"";
				DEVELOPMENT_TEAM = AK744442NQ;
				ENABLE_PREVIEWS = YES;
				GENERATE_INFOPLIST_FILE = YES;
				INFOPLIST_FILE = "LunchLink-Info.plist";
				INFOPLIST_KEY_CFBundleDisplayName = "";
				INFOPLIST_KEY_LSApplicationCategoryType = "";
				INFOPLIST_KEY_NSPhotoLibraryUsageDescription = "Allow access to photos to choose a profile picture";
				INFOPLIST_KEY_UIApplicationSceneManifest_Generation = YES;
				INFOPLIST_KEY_UIApplicationSupportsIndirectInputEvents = YES;
				INFOPLIST_KEY_UILaunchScreen_Generation = YES;
				INFOPLIST_KEY_UISupportedInterfaceOrientations_iPad = "UIInterfaceOrientationPortrait UIInterfaceOrientationPortraitUpsideDown UIInterfaceOrientationLandscapeLeft UIInterfaceOrientationLandscapeRight";
				INFOPLIST_KEY_UISupportedInterfaceOrientations_iPhone = "UIInterfaceOrientationPortrait UIInterfaceOrientationLandscapeLeft UIInterfaceOrientationLandscapeRight";
				INFOPLIST_KEY_UIUserInterfaceStyle = Light;
				LD_RUNPATH_SEARCH_PATHS = (
					"$(inherited)",
					"@executable_path/Frameworks",
				);
				MARKETING_VERSION = 1.0;
				PRODUCT_BUNDLE_IDENTIFIER = com.hamell.LunchLink;
				PRODUCT_NAME = "$(TARGET_NAME)";
				SWIFT_EMIT_LOC_STRINGS = YES;
				SWIFT_VERSION = 5.0;
				TARGETED_DEVICE_FAMILY = "1,2";
			};
			name = Debug;
		};
		A1C985F92AE617E000314A7E /* Release */ = {
			isa = XCBuildConfiguration;
			buildSettings = {
				ALWAYS_EMBED_SWIFT_STANDARD_LIBRARIES = YES;
				ASSETCATALOG_COMPILER_APPICON_NAME = AppIcon;
				ASSETCATALOG_COMPILER_GLOBAL_ACCENT_COLOR_NAME = AccentColor;
				CODE_SIGN_ENTITLEMENTS = LunchLink.entitlements;
				CODE_SIGN_STYLE = Automatic;
				CURRENT_PROJECT_VERSION = 1;
				DEVELOPMENT_ASSET_PATHS = "\"Preview Content\"";
				DEVELOPMENT_TEAM = AK744442NQ;
				ENABLE_PREVIEWS = YES;
				GENERATE_INFOPLIST_FILE = YES;
				INFOPLIST_FILE = "LunchLink-Info.plist";
				INFOPLIST_KEY_CFBundleDisplayName = "";
				INFOPLIST_KEY_LSApplicationCategoryType = "";
				INFOPLIST_KEY_NSPhotoLibraryUsageDescription = "Allow access to photos to choose a profile picture";
				INFOPLIST_KEY_UIApplicationSceneManifest_Generation = YES;
				INFOPLIST_KEY_UIApplicationSupportsIndirectInputEvents = YES;
				INFOPLIST_KEY_UILaunchScreen_Generation = YES;
				INFOPLIST_KEY_UISupportedInterfaceOrientations_iPad = "UIInterfaceOrientationPortrait UIInterfaceOrientationPortraitUpsideDown UIInterfaceOrientationLandscapeLeft UIInterfaceOrientationLandscapeRight";
				INFOPLIST_KEY_UISupportedInterfaceOrientations_iPhone = "UIInterfaceOrientationPortrait UIInterfaceOrientationLandscapeLeft UIInterfaceOrientationLandscapeRight";
				INFOPLIST_KEY_UIUserInterfaceStyle = Light;
				LD_RUNPATH_SEARCH_PATHS = (
					"$(inherited)",
					"@executable_path/Frameworks",
				);
				MARKETING_VERSION = 1.0;
				PRODUCT_BUNDLE_IDENTIFIER = com.hamell.LunchLink;
				PRODUCT_NAME = "$(TARGET_NAME)";
				SWIFT_EMIT_LOC_STRINGS = YES;
				SWIFT_VERSION = 5.0;
				TARGETED_DEVICE_FAMILY = "1,2";
			};
			name = Release;
		};
/* End XCBuildConfiguration section */

/* Begin XCConfigurationList section */
		A1C985E42AE617DE00314A7E /* Build configuration list for PBXProject "LunchLink" */ = {
			isa = XCConfigurationList;
			buildConfigurations = (
				A1C985F52AE617E000314A7E /* Debug */,
				A1C985F62AE617E000314A7E /* Release */,
			);
			defaultConfigurationIsVisible = 0;
			defaultConfigurationName = Release;
		};
		A1C985F72AE617E000314A7E /* Build configuration list for PBXNativeTarget "LunchLink" */ = {
			isa = XCConfigurationList;
			buildConfigurations = (
				A1C985F82AE617E000314A7E /* Debug */,
				A1C985F92AE617E000314A7E /* Release */,
			);
			defaultConfigurationIsVisible = 0;
			defaultConfigurationName = Release;
		};
/* End XCConfigurationList section */

/* Begin XCRemoteSwiftPackageReference section */
		A12086002B05C62500F6FFC4 /* XCRemoteSwiftPackageReference "SwiftMessages" */ = {
			isa = XCRemoteSwiftPackageReference;
			repositoryURL = "https://github.com/SwiftKickMobile/SwiftMessages.git";
			requirement = {
				kind = upToNextMajorVersion;
				minimumVersion = 9.0.9;
			};
		};
		A1766EF02B4B6CEF00F665FC /* XCRemoteSwiftPackageReference "TOCropViewController" */ = {
			isa = XCRemoteSwiftPackageReference;
			repositoryURL = "https://github.com/TimOliver/TOCropViewController.git";
			requirement = {
				kind = upToNextMajorVersion;
				minimumVersion = 2.6.1;
			};
		};
		A1AC89202B02DC1400831625 /* XCRemoteSwiftPackageReference "SDWebImageSwiftUI" */ = {
			isa = XCRemoteSwiftPackageReference;
			repositoryURL = "https://github.com/SDWebImage/SDWebImageSwiftUI.git";
			requirement = {
				kind = upToNextMajorVersion;
				minimumVersion = 2.0.0;
			};
		};
		A1C985FC2AE61B8400314A7E /* XCRemoteSwiftPackageReference "firebase-ios-sdk" */ = {
			isa = XCRemoteSwiftPackageReference;
			repositoryURL = "https://github.com/firebase/firebase-ios-sdk";
			requirement = {
				kind = upToNextMajorVersion;
				minimumVersion = 10.0.0;
			};
		};
/* End XCRemoteSwiftPackageReference section */

/* Begin XCSwiftPackageProductDependency section */
		A14CF5B12B0ADCBE006E8BCD /* SwiftMessages */ = {
			isa = XCSwiftPackageProductDependency;
			package = A12086002B05C62500F6FFC4 /* XCRemoteSwiftPackageReference "SwiftMessages" */;
			productName = SwiftMessages;
		};
		A15E8B822B350E4700456EAA /* FirebaseMessaging */ = {
			isa = XCSwiftPackageProductDependency;
			package = A1C985FC2AE61B8400314A7E /* XCRemoteSwiftPackageReference "firebase-ios-sdk" */;
			productName = FirebaseMessaging;
		};
		A1766EF12B4B6CEF00F665FC /* CropViewController */ = {
			isa = XCSwiftPackageProductDependency;
			package = A1766EF02B4B6CEF00F665FC /* XCRemoteSwiftPackageReference "TOCropViewController" */;
			productName = CropViewController;
		};
		A1766EF32B4B6CEF00F665FC /* TOCropViewController */ = {
			isa = XCSwiftPackageProductDependency;
			package = A1766EF02B4B6CEF00F665FC /* XCRemoteSwiftPackageReference "TOCropViewController" */;
			productName = TOCropViewController;
		};
		A1AC89212B02DC1400831625 /* SDWebImageSwiftUI */ = {
			isa = XCSwiftPackageProductDependency;
			package = A1AC89202B02DC1400831625 /* XCRemoteSwiftPackageReference "SDWebImageSwiftUI" */;
			productName = SDWebImageSwiftUI;
		};
		A1C985FD2AE61B8400314A7E /* FirebaseAuth */ = {
			isa = XCSwiftPackageProductDependency;
			package = A1C985FC2AE61B8400314A7E /* XCRemoteSwiftPackageReference "firebase-ios-sdk" */;
			productName = FirebaseAuth;
		};
		A1C986042AE635E000314A7E /* FirebaseFirestore */ = {
			isa = XCSwiftPackageProductDependency;
			package = A1C985FC2AE61B8400314A7E /* XCRemoteSwiftPackageReference "firebase-ios-sdk" */;
			productName = FirebaseFirestore;
		};
		A1C986062AE635EC00314A7E /* FirebaseFirestoreSwift */ = {
			isa = XCSwiftPackageProductDependency;
			package = A1C985FC2AE61B8400314A7E /* XCRemoteSwiftPackageReference "firebase-ios-sdk" */;
			productName = FirebaseFirestoreSwift;
		};
		A1C986082AE635F500314A7E /* FirebaseStorage */ = {
			isa = XCSwiftPackageProductDependency;
			package = A1C985FC2AE61B8400314A7E /* XCRemoteSwiftPackageReference "firebase-ios-sdk" */;
			productName = FirebaseStorage;
		};
/* End XCSwiftPackageProductDependency section */
	};
	rootObject = A1C985E12AE617DE00314A7E /* Project object */;
}
